
Microsoft Visual Studio Solution File, Format Version 12.00
# Visual Studio Version 17
VisualStudioVersion = 17.11.35312.102
MinimumVisualStudioVersion = 10.0.40219.1
Project("{FAE04EC0-301F-11D3-BF4B-00C04F79EFBC}") = "WIN_HCMUE_QLHS", "WIN_HCMUE_QLHS.csproj", "{7D907499-B2D1-410C-8C10-5FFDDAF6C7DA}"
EndProject
Global
	GlobalSection(SolutionConfigurationPlatforms) = preSolution
		Debug|Any CPU = Debug|Any CPU
		Release|Any CPU = Release|Any CPU
	EndGlobalSection
	GlobalSection(ProjectConfigurationPlatforms) = postSolution
		{7D907499-B2D1-410C-8C10-5FFDDAF6C7DA}.Debug|Any CPU.ActiveCfg = Debug|Any CPU
		{7D907499-B2D1-410C-8C10-5FFDDAF6C7DA}.Debug|Any CPU.Build.0 = Debug|Any CPU
		{7D907499-B2D1-410C-8C10-5FFDDAF6C7DA}.Release|Any CPU.ActiveCfg = Release|Any CPU
		{7D907499-B2D1-410C-8C10-5FFDDAF6C7DA}.Release|Any CPU.Build.0 = Release|Any CPU
	EndGlobalSection
	GlobalSection(SolutionProperties) = preSolution
		HideSolutionNode = FALSE
	EndGlobalSection
	GlobalSection(ExtensibilityGlobals) = postSolution
		SolutionGuid = {E44CFB56-551C-42B2-810E-CC3BBDAD055B}
	EndGlobalSection
EndGlobal
