
Microsoft Visual Studio Solution File, Format Version 12.00
# Visual Studio Version 17
VisualStudioVersion = 17.11.35312.102
MinimumVisualStudioVersion = 10.0.40219.1
Project("{FAE04EC0-301F-11D3-BF4B-00C04F79EFBC}") = "BaiTap2.3.ex", "BaiTap2.3.ex.csproj", "{D6D63D4C-30FA-4FAC-AAA0-80A255C87549}"
EndProject
Global
	GlobalSection(SolutionConfigurationPlatforms) = preSolution
		Debug|Any CPU = Debug|Any CPU
		Release|Any CPU = Release|Any CPU
	EndGlobalSection
	GlobalSection(ProjectConfigurationPlatforms) = postSolution
		{D6D63D4C-30FA-4FAC-AAA0-80A255C87549}.Debug|Any CPU.ActiveCfg = Debug|Any CPU
		{D6D63D4C-30FA-4FAC-AAA0-80A255C87549}.Debug|Any CPU.Build.0 = Debug|Any CPU
		{D6D63D4C-30FA-4FAC-AAA0-80A255C87549}.Release|Any CPU.ActiveCfg = Release|Any CPU
		{D6D63D4C-30FA-4FAC-AAA0-80A255C87549}.Release|Any CPU.Build.0 = Release|Any CPU
	EndGlobalSection
	GlobalSection(SolutionProperties) = preSolution
		HideSolutionNode = FALSE
	EndGlobalSection
	GlobalSection(ExtensibilityGlobals) = postSolution
		SolutionGuid = {6C7D7041-9D03-4F38-A71C-E5C116BD5718}
	EndGlobalSection
EndGlobal
